
Microsoft Visual Studio Solution File, Format Version 12.00
# Visual Studio Version 17
VisualStudioVersion = 17.11.35222.181
MinimumVisualStudioVersion = 10.0.40219.1
Project("{9A19103F-16F7-4668-BE54-9A1E7A4F7556}") = "KnoKoFin.API", "KnoKoFin.API.csproj", "{C13FC468-926A-4FE2-8E0B-943B57431F12}"
EndProject
Project("{9A19103F-16F7-4668-BE54-9A1E7A4F7556}") = "KnoKoFin.UnitTests", "..\KnoKoFin.UnitTests\KnoKoFin.UnitTests.csproj", "{C9053F2D-24F7-4F73-8D45-AE6D7F1BA146}"
EndProject
Project("{9A19103F-16F7-4668-BE54-9A1E7A4F7556}") = "KnoKoFin.Application", "..\KnoKoFi.Application\KnoKoFin.Application.csproj", "{1E0503F7-9117-435E-8F0C-7A2B2C530CFB}"
EndProject
Project("{9A19103F-16F7-4668-BE54-9A1E7A4F7556}") = "KnoKoFin.Domain", "..\KnoKoFi.Domain\KnoKoFin.Domain.csproj", "{862B7454-256D-46F0-84CF-C2798E2DFF8E}"
EndProject
Project("{9A19103F-16F7-4668-BE54-9A1E7A4F7556}") = "KnoKoFin.Infrastructure", "..\KnoKoFin.Infrastructure\KnoKoFin.Infrastructure.csproj", "{1E1D92A9-9171-4B7B-A019-81F62844D99E}"
EndProject
Global
	GlobalSection(SolutionConfigurationPlatforms) = preSolution
		Debug|Any CPU = Debug|Any CPU
		Release|Any CPU = Release|Any CPU
	EndGlobalSection
	GlobalSection(ProjectConfigurationPlatforms) = postSolution
		{C13FC468-926A-4FE2-8E0B-943B57431F12}.Debug|Any CPU.ActiveCfg = Debug|Any CPU
		{C13FC468-926A-4FE2-8E0B-943B57431F12}.Debug|Any CPU.Build.0 = Debug|Any CPU
		{C13FC468-926A-4FE2-8E0B-943B57431F12}.Release|Any CPU.ActiveCfg = Release|Any CPU
		{C13FC468-926A-4FE2-8E0B-943B57431F12}.Release|Any CPU.Build.0 = Release|Any CPU
		{C9053F2D-24F7-4F73-8D45-AE6D7F1BA146}.Debug|Any CPU.ActiveCfg = Debug|Any CPU
		{C9053F2D-24F7-4F73-8D45-AE6D7F1BA146}.Debug|Any CPU.Build.0 = Debug|Any CPU
		{C9053F2D-24F7-4F73-8D45-AE6D7F1BA146}.Release|Any CPU.ActiveCfg = Release|Any CPU
		{C9053F2D-24F7-4F73-8D45-AE6D7F1BA146}.Release|Any CPU.Build.0 = Release|Any CPU
		{1E0503F7-9117-435E-8F0C-7A2B2C530CFB}.Debug|Any CPU.ActiveCfg = Debug|Any CPU
		{1E0503F7-9117-435E-8F0C-7A2B2C530CFB}.Debug|Any CPU.Build.0 = Debug|Any CPU
		{1E0503F7-9117-435E-8F0C-7A2B2C530CFB}.Release|Any CPU.ActiveCfg = Release|Any CPU
		{1E0503F7-9117-435E-8F0C-7A2B2C530CFB}.Release|Any CPU.Build.0 = Release|Any CPU
		{862B7454-256D-46F0-84CF-C2798E2DFF8E}.Debug|Any CPU.ActiveCfg = Debug|Any CPU
		{862B7454-256D-46F0-84CF-C2798E2DFF8E}.Debug|Any CPU.Build.0 = Debug|Any CPU
		{862B7454-256D-46F0-84CF-C2798E2DFF8E}.Release|Any CPU.ActiveCfg = Release|Any CPU
		{862B7454-256D-46F0-84CF-C2798E2DFF8E}.Release|Any CPU.Build.0 = Release|Any CPU
		{1E1D92A9-9171-4B7B-A019-81F62844D99E}.Debug|Any CPU.ActiveCfg = Debug|Any CPU
		{1E1D92A9-9171-4B7B-A019-81F62844D99E}.Debug|Any CPU.Build.0 = Debug|Any CPU
		{1E1D92A9-9171-4B7B-A019-81F62844D99E}.Release|Any CPU.ActiveCfg = Release|Any CPU
		{1E1D92A9-9171-4B7B-A019-81F62844D99E}.Release|Any CPU.Build.0 = Release|Any CPU
	EndGlobalSection
	GlobalSection(SolutionProperties) = preSolution
		HideSolutionNode = FALSE
	EndGlobalSection
	GlobalSection(ExtensibilityGlobals) = postSolution
		SolutionGuid = {0BE43838-F74E-49F4-99BE-B78C2E8D5328}
	EndGlobalSection
EndGlobal
