
Microsoft Visual Studio Solution File, Format Version 12.00
# Visual Studio Version 17
VisualStudioVersion = 17.11.35222.181
MinimumVisualStudioVersion = 10.0.40219.1
Project("{FAE04EC0-301F-11D3-BF4B-00C04F79EFBC}") = "KnoKoFin.API", "KnoKoFin.API.csproj", "{C13FC468-926A-4FE2-8E0B-943B57431F12}"
EndProject
Project("{FAE04EC0-301F-11D3-BF4B-00C04F79EFBC}") = "KnoKoFin.Database", "..\KnoKoFin.Database\KnoKoFin.Database.csproj", "{E5C57671-1DD0-4208-9FAA-7A4FAA67523F}"
EndProject
Project("{FAE04EC0-301F-11D3-BF4B-00C04F79EFBC}") = "KnoKoFin.DTOs", "..\KnoKoFin.DTOs\KnoKoFin.DTOs.csproj", "{AC497602-968F-4023-A17C-EEEFA77ED53F}"
EndProject
Project("{FAE04EC0-301F-11D3-BF4B-00C04F79EFBC}") = "KnoKoFin.Mappings", "..\KnoKoFin.Mappings\KnoKoFin.Mappings.csproj", "{4A584820-513D-4C82-B075-8E32903A08C8}"
EndProject
Project("{FAE04EC0-301F-11D3-BF4B-00C04F79EFBC}") = "KnoKoFin.UnitTests", "..\KnoKoFin.UnitTests\KnoKoFin.UnitTests.csproj", "{C9053F2D-24F7-4F73-8D45-AE6D7F1BA146}"
EndProject
Global
	GlobalSection(SolutionConfigurationPlatforms) = preSolution
		Debug|Any CPU = Debug|Any CPU
		Release|Any CPU = Release|Any CPU
	EndGlobalSection
	GlobalSection(ProjectConfigurationPlatforms) = postSolution
		{C13FC468-926A-4FE2-8E0B-943B57431F12}.Debug|Any CPU.ActiveCfg = Debug|Any CPU
		{C13FC468-926A-4FE2-8E0B-943B57431F12}.Debug|Any CPU.Build.0 = Debug|Any CPU
		{C13FC468-926A-4FE2-8E0B-943B57431F12}.Release|Any CPU.ActiveCfg = Release|Any CPU
		{C13FC468-926A-4FE2-8E0B-943B57431F12}.Release|Any CPU.Build.0 = Release|Any CPU
		{E5C57671-1DD0-4208-9FAA-7A4FAA67523F}.Debug|Any CPU.ActiveCfg = Debug|Any CPU
		{E5C57671-1DD0-4208-9FAA-7A4FAA67523F}.Debug|Any CPU.Build.0 = Debug|Any CPU
		{E5C57671-1DD0-4208-9FAA-7A4FAA67523F}.Release|Any CPU.ActiveCfg = Release|Any CPU
		{E5C57671-1DD0-4208-9FAA-7A4FAA67523F}.Release|Any CPU.Build.0 = Release|Any CPU
		{AC497602-968F-4023-A17C-EEEFA77ED53F}.Debug|Any CPU.ActiveCfg = Debug|Any CPU
		{AC497602-968F-4023-A17C-EEEFA77ED53F}.Debug|Any CPU.Build.0 = Debug|Any CPU
		{AC497602-968F-4023-A17C-EEEFA77ED53F}.Release|Any CPU.ActiveCfg = Release|Any CPU
		{AC497602-968F-4023-A17C-EEEFA77ED53F}.Release|Any CPU.Build.0 = Release|Any CPU
		{4A584820-513D-4C82-B075-8E32903A08C8}.Debug|Any CPU.ActiveCfg = Debug|Any CPU
		{4A584820-513D-4C82-B075-8E32903A08C8}.Debug|Any CPU.Build.0 = Debug|Any CPU
		{4A584820-513D-4C82-B075-8E32903A08C8}.Release|Any CPU.ActiveCfg = Release|Any CPU
		{4A584820-513D-4C82-B075-8E32903A08C8}.Release|Any CPU.Build.0 = Release|Any CPU
		{C9053F2D-24F7-4F73-8D45-AE6D7F1BA146}.Debug|Any CPU.ActiveCfg = Debug|Any CPU
		{C9053F2D-24F7-4F73-8D45-AE6D7F1BA146}.Debug|Any CPU.Build.0 = Debug|Any CPU
		{C9053F2D-24F7-4F73-8D45-AE6D7F1BA146}.Release|Any CPU.ActiveCfg = Release|Any CPU
		{C9053F2D-24F7-4F73-8D45-AE6D7F1BA146}.Release|Any CPU.Build.0 = Release|Any CPU
	EndGlobalSection
	GlobalSection(SolutionProperties) = preSolution
		HideSolutionNode = FALSE
	EndGlobalSection
	GlobalSection(ExtensibilityGlobals) = postSolution
		SolutionGuid = {0BE43838-F74E-49F4-99BE-B78C2E8D5328}
	EndGlobalSection
EndGlobal
